
Microsoft Visual Studio Solution File, Format Version 12.00
# Visual Studio Version 17
VisualStudioVersion = 17.4.33403.182
MinimumVisualStudioVersion = 10.0.40219.1
Project("{FAE04EC0-301F-11D3-BF4B-00C04F79EFBC}") = "hafta13", "hafta13\hafta13.csproj", "{C9CBD145-6881-4CE1-89BE-3496422BA327}"
EndProject
Global
	GlobalSection(SolutionConfigurationPlatforms) = preSolution
		Debug|Any CPU = Debug|Any CPU
		Release|Any CPU = Release|Any CPU
	EndGlobalSection
	GlobalSection(ProjectConfigurationPlatforms) = postSolution
		{C9CBD145-6881-4CE1-89BE-3496422BA327}.Debug|Any CPU.ActiveCfg = Debug|Any CPU
		{C9CBD145-6881-4CE1-89BE-3496422BA327}.Debug|Any CPU.Build.0 = Debug|Any CPU
		{C9CBD145-6881-4CE1-89BE-3496422BA327}.Release|Any CPU.ActiveCfg = Release|Any CPU
		{C9CBD145-6881-4CE1-89BE-3496422BA327}.Release|Any CPU.Build.0 = Release|Any CPU
	EndGlobalSection
	GlobalSection(SolutionProperties) = preSolution
		HideSolutionNode = FALSE
	EndGlobalSection
	GlobalSection(ExtensibilityGlobals) = postSolution
		SolutionGuid = {1C12CAE1-9F8B-4236-AA0F-5A36BA27AFB2}
	EndGlobalSection
EndGlobal
